# This file is automatically @generated by Cargo.
# It is not intended for manual editing.
version = 4

[[package]]
name = "an-operating-system-in-rust"
version = "0.1.0"
dependencies = [
 "bootlib",
 "rlibc",
 "spin",
 "uefi",
]

[[package]]
name = "array-macro"
version = "2.1.8"
source = "registry+https://github.com/rust-lang/crates.io-index"
checksum = "220a2c618ab466efe41d0eace94dfeff1c35e3aa47891bdb95e1c0fefffd3c99"

[[package]]
name = "autocfg"
version = "1.5.0"
source = "registry+https://github.com/rust-lang/crates.io-index"
checksum = "c08606f8c3cbf4ce6ec8e28fb0014a2c086708fe954eaa885384a6165172e7e8"

[[package]]
name = "bit_field"
version = "0.10.0"
source = "registry+https://github.com/rust-lang/crates.io-index"
checksum = "a165d606cf084741d4ac3a28fb6e9b1eb0bd31f6cd999098cfddb0b2ab381dc0"

[[package]]
name = "bitflags"
version = "2.9.4"
source = "registry+https://github.com/rust-lang/crates.io-index"
checksum = "2261d10cca569e4643e526d8dc2e62e433cc8aba21ab764233731f8d369bf394"

[[package]]
name = "bootlib"
version = "0.1.0"
dependencies = [
 "uefi",
]

[[package]]
name = "bootloader"
version = "0.1.0"
dependencies = [
 "array-macro",
 "bootlib",
 "log",
 "proc-macro2",
 "rlibc",
 "uefi",
]

[[package]]
name = "cfg-if"
version = "1.0.0"
source = "registry+https://github.com/rust-lang/crates.io-index"
checksum = "baf1de4339761588bc0619e3cbc0120ee582ebb74b53b4efbf79117bd2da40fd"

[[package]]
name = "lock_api"
version = "0.4.13"
source = "registry+https://github.com/rust-lang/crates.io-index"
checksum = "96936507f153605bddfcda068dd804796c84324ed2510809e5b2a624c81da765"
dependencies = [
 "autocfg",
 "scopeguard",
]

[[package]]
name = "log"
version = "0.4.17"
source = "registry+https://github.com/rust-lang/crates.io-index"
checksum = "abb12e687cfb44aa40f41fc3978ef76448f9b6038cad6aef4259d3c095a2382e"
dependencies = [
 "cfg-if",
]

[[package]]
name = "proc-macro2"
version = "1.0.61"
source = "registry+https://github.com/rust-lang/crates.io-index"
checksum = "363a6f739a0c0addeaf6ed75150b95743aa18643a3c6f40409ed7b6db3a6911f"
dependencies = [
 "unicode-ident",
]

[[package]]
name = "ptr_meta"
version = "0.2.0"
source = "registry+https://github.com/rust-lang/crates.io-index"
checksum = "bcada80daa06c42ed5f48c9a043865edea5dc44cbf9ac009fda3b89526e28607"
dependencies = [
 "ptr_meta_derive",
]

[[package]]
name = "ptr_meta_derive"
version = "0.2.0"
source = "registry+https://github.com/rust-lang/crates.io-index"
checksum = "bca9224df2e20e7c5548aeb5f110a0f3b77ef05f8585139b7148b59056168ed2"
dependencies = [
 "proc-macro2",
 "quote",
 "syn 1.0.109",
]

[[package]]
name = "quote"
version = "1.0.27"
source = "registry+https://github.com/rust-lang/crates.io-index"
checksum = "8f4f29d145265ec1c483c7c654450edde0bfe043d3938d6972630663356d9500"
dependencies = [
 "proc-macro2",
]

[[package]]
name = "rlibc"
version = "1.0.0"
source = "registry+https://github.com/rust-lang/crates.io-index"
checksum = "fc874b127765f014d792f16763a81245ab80500e2ad921ed4ee9e82481ee08fe"

[[package]]
name = "scopeguard"
version = "1.2.0"
source = "registry+https://github.com/rust-lang/crates.io-index"
checksum = "94143f37725109f92c262ed2cf5e59bce7498c01bcc1502d7b9afe439a4e9f49"

[[package]]
name = "spin"
version = "0.10.0"
source = "registry+https://github.com/rust-lang/crates.io-index"
checksum = "d5fe4ccb98d9c292d56fec89a5e07da7fc4cf0dc11e156b41793132775d3e591"
dependencies = [
 "lock_api",
]

[[package]]
name = "syn"
version = "1.0.109"
source = "registry+https://github.com/rust-lang/crates.io-index"
checksum = "72b64191b275b66ffe2469e8af2c1cfe3bafa67b529ead792a6d0160888b4237"
dependencies = [
 "proc-macro2",
 "quote",
 "unicode-ident",
]

[[package]]
name = "syn"
version = "2.0.16"
source = "registry+https://github.com/rust-lang/crates.io-index"
checksum = "a6f671d4b5ffdb8eadec19c0ae67fe2639df8684bd7bc4b83d986b8db549cf01"
dependencies = [
 "proc-macro2",
 "quote",
 "unicode-ident",
]

[[package]]
name = "ucs2"
version = "0.3.3"
source = "registry+https://github.com/rust-lang/crates.io-index"
checksum = "df79298e11f316400c57ec268f3c2c29ac3c4d4777687955cd3d4f3a35ce7eba"
dependencies = [
 "bit_field",
]

[[package]]
name = "uefi"
version = "0.29.0"
source = "registry+https://github.com/rust-lang/crates.io-index"
checksum = "3e8fb42b46b5e5afaa49a237714d3259ccbf740ba68cbf25d715471b15cabe04"
dependencies = [
 "bitflags",
 "cfg-if",
 "log",
 "ptr_meta",
 "ucs2",
 "uefi-macros",
 "uefi-raw",
 "uguid",
]

[[package]]
name = "uefi-macros"
version = "0.14.0"
source = "registry+https://github.com/rust-lang/crates.io-index"
checksum = "4f345e42323c05e41e29e409505f5f8e0df7b5743340215d60344dbd79b729f4"
dependencies = [
 "proc-macro2",
 "quote",
 "syn 2.0.16",
]

[[package]]
name = "uefi-raw"
version = "0.6.0"
source = "registry+https://github.com/rust-lang/crates.io-index"
checksum = "29a70d0f6b34cbeb4e5cd492b442bf9679a838fbb010551c4a3e3b9e25e316a8"
dependencies = [
 "bitflags",
 "ptr_meta",
 "uguid",
]

[[package]]
name = "uguid"
version = "2.2.1"
source = "registry+https://github.com/rust-lang/crates.io-index"
checksum = "0c8352f8c05e47892e7eaf13b34abd76a7f4aeaf817b716e88789381927f199c"

[[package]]
name = "unicode-ident"
version = "1.0.8"
source = "registry+https://github.com/rust-lang/crates.io-index"
checksum = "e5464a87b239f13a63a501f2701565754bae92d243d4bb7eb12f6d57d2269bf4"
